<?xml version="1.0" encoding="utf-8"?>
<Project ToolsVersion="4.0" xmlns="http://schemas.microsoft.com/developer/msbuild/2003">
  <ItemGroup>
    <Filter Include="Source Files">
      <UniqueIdentifier>{4FC737F1-C7A5-4376-A066-2A32D752A2FF}</UniqueIdentifier>
      <Extensions>cpp;c;cc;cxx;def;odl;idl;hpj;bat;asm;asmx</Extensions>
    </Filter>
    <Filter Include="Header Files">
      <UniqueIdentifier>{93995380-89BD-4b04-88EB-625FBE52EBFB}</UniqueIdentifier>
      <Extensions>h;hpp;hxx;hm;inl;inc;xsd</Extensions>
    </Filter>
    <Filter Include="Resource Files">
      <UniqueIdentifier>{67DA6AB6-F800-4c08-8B7A-83BB121AAD01}</UniqueIdentifier>
      <Extensions>rc;ico;cur;bmp;dlg;rc2;rct;bin;rgs;gif;jpg;jpeg;jpe;resx;tiff;tif;png;wav;mfcribbon-ms</Extensions>
    </Filter>
    <Filter Include="Media">
      <UniqueIdentifier>{f76a37f2-539d-488a-a5b5-e05346feccbf}</UniqueIdentifier>
    </Filter>
    <Filter Include="Media Class">
      <UniqueIdentifier>{a9d7fb27-1b99-4065-874b-8661fe73be8d}</UniqueIdentifier>
    </Filter>
  </ItemGroup>
  <ItemGroup>
    <ClInclude Include="Sound.h">
      <Filter>Header Files</Filter>
    </ClInclude>
    <ClInclude Include="resource.h">
      <Filter>Header Files</Filter>
    </ClInclude>
    <ClInclude Include="MediaVideo.h">
      <Filter>Header Files</Filter>
    </ClInclude>
    <ClInclude Include="MediaMusic.h">
      <Filter>Header Files</Filter>
    </ClInclude>
    <ClInclude Include="CL.h">
      <Filter>Header Files</Filter>
    </ClInclude>
    <ClInclude Include="Audio.h">
      <Filter>Media</Filter>
    </ClInclude>
    <ClInclude Include="GameSound.h">
      <Filter>Media</Filter>
    </ClInclude>
    <ClInclude Include="Video.h">
      <Filter>Media</Filter>
    </ClInclude>
    <ClInclude Include="convert.h">
      <Filter>Media</Filter>
    </ClInclude>
    <ClInclude Include="AudioClass.h">
      <Filter>Media Class</Filter>
    </ClInclude>
    <ClInclude Include="SoundClass.h">
      <Filter>Media Class</Filter>
    </ClInclude>
    <ClInclude Include="VideoClass.h">
      <Filter>Media Class</Filter>
    </ClInclude>
    <ClInclude Include="resource1.h">
      <Filter>Header Files</Filter>
    </ClInclude>
  </ItemGroup>
  <ItemGroup>
    <ClCompile Include="Sound.cpp">
      <Filter>Source Files</Filter>
    </ClCompile>
    <ClCompile Include="MediaVideo.cpp">
      <Filter>Source Files</Filter>
    </ClCompile>
    <ClCompile Include="MediaMusic.cpp">
      <Filter>Source Files</Filter>
    </ClCompile>
    <ClCompile Include="Audio.cpp">
      <Filter>Media</Filter>
    </ClCompile>
    <ClCompile Include="GameSound.cpp">
      <Filter>Media</Filter>
    </ClCompile>
    <ClCompile Include="Video.cpp">
      <Filter>Media</Filter>
    </ClCompile>
    <ClCompile Include="AudioClass.cpp">
      <Filter>Media Class</Filter>
    </ClCompile>
    <ClCompile Include="SoundClass.cpp">
      <Filter>Media Class</Filter>
    </ClCompile>
    <ClCompile Include="VideoClass.cpp">
      <Filter>Media Class</Filter>
    </ClCompile>
  </ItemGroup>
  <ItemGroup>
    <ResourceCompile Include="Resource.rc">
      <Filter>Resource Files</Filter>
    </ResourceCompile>
  </ItemGroup>
</Project>